
Microsoft Visual Studio Solution File, Format Version 12.00
# Visual Studio Version 16
VisualStudioVersion = 16.0.31515.178
MinimumVisualStudioVersion = 10.0.40219.1
Project("{F184B08F-C81C-45F6-A57F-5ABD9991F28F}") = "Tarea3 201807130", "Tarea3 201807130\Tarea3 201807130.vbproj", "{B4CBABE3-383F-43CE-A3C5-DDAEC2DD0958}"
EndProject
Global
	GlobalSection(SolutionConfigurationPlatforms) = preSolution
		Debug|Any CPU = Debug|Any CPU
		Release|Any CPU = Release|Any CPU
	EndGlobalSection
	GlobalSection(ProjectConfigurationPlatforms) = postSolution
		{B4CBABE3-383F-43CE-A3C5-DDAEC2DD0958}.Debug|Any CPU.ActiveCfg = Debug|Any CPU
		{B4CBABE3-383F-43CE-A3C5-DDAEC2DD0958}.Debug|Any CPU.Build.0 = Debug|Any CPU
		{B4CBABE3-383F-43CE-A3C5-DDAEC2DD0958}.Release|Any CPU.ActiveCfg = Release|Any CPU
		{B4CBABE3-383F-43CE-A3C5-DDAEC2DD0958}.Release|Any CPU.Build.0 = Release|Any CPU
	EndGlobalSection
	GlobalSection(SolutionProperties) = preSolution
		HideSolutionNode = FALSE
	EndGlobalSection
	GlobalSection(ExtensibilityGlobals) = postSolution
		SolutionGuid = {3EB5D319-4FC2-409F-BF1F-230329B4688F}
	EndGlobalSection
EndGlobal
